
Microsoft Visual Studio Solution File, Format Version 12.00
# Visual Studio Version 16
VisualStudioVersion = 16.0.30503.244
MinimumVisualStudioVersion = 10.0.40219.1
Project("{9A19103F-16F7-4668-BE54-9A1E7A4F7556}") = "ImHere.Entities", "ImHere.Entities\ImHere.Entities.csproj", "{4BEF5455-3F82-4913-9059-8875A832ED35}"
EndProject
Project("{9A19103F-16F7-4668-BE54-9A1E7A4F7556}") = "ImHere.DataAccess", "ImHere.DataAccess\ImHere.DataAccess.csproj", "{FA1D0E73-6350-4BDB-8D8C-40CD8228C2D1}"
EndProject
Project("{9A19103F-16F7-4668-BE54-9A1E7A4F7556}") = "ImHere.Business", "ImHere.Business\ImHere.Business.csproj", "{08EBB36C-B6C0-42BC-A856-361D9EC0AE9E}"
EndProject
Project("{9A19103F-16F7-4668-BE54-9A1E7A4F7556}") = "ImHere.API", "ImHere.API\ImHere.API.csproj", "{EF933F75-24C9-43C2-9F1F-774EBB2201D6}"
EndProject
Project("{9A19103F-16F7-4668-BE54-9A1E7A4F7556}") = "ImHere.Models", "ImHere.Models\ImHere.Models.csproj", "{A60E98F3-136E-4323-A6CF-CEF2B98B03D0}"
EndProject
Project("{9A19103F-16F7-4668-BE54-9A1E7A4F7556}") = "ImHere.Helpers", "ImHere.Helpers\ImHere.Helpers.csproj", "{CB6DE1B0-3621-4473-8890-693491D5ABAB}"
EndProject
Project("{2150E333-8FDC-42A3-9474-1A3956D46DE8}") = "Solution Items", "Solution Items", "{5951047E-5429-481C-BFBB-EB83A2C2D7E6}"
	ProjectSection(SolutionItems) = preProject
		.editorconfig = .editorconfig
	EndProjectSection
EndProject
Global
	GlobalSection(SolutionConfigurationPlatforms) = preSolution
		Debug|Any CPU = Debug|Any CPU
		Release|Any CPU = Release|Any CPU
	EndGlobalSection
	GlobalSection(ProjectConfigurationPlatforms) = postSolution
		{4BEF5455-3F82-4913-9059-8875A832ED35}.Debug|Any CPU.ActiveCfg = Debug|Any CPU
		{4BEF5455-3F82-4913-9059-8875A832ED35}.Debug|Any CPU.Build.0 = Debug|Any CPU
		{4BEF5455-3F82-4913-9059-8875A832ED35}.Release|Any CPU.ActiveCfg = Release|Any CPU
		{4BEF5455-3F82-4913-9059-8875A832ED35}.Release|Any CPU.Build.0 = Release|Any CPU
		{FA1D0E73-6350-4BDB-8D8C-40CD8228C2D1}.Debug|Any CPU.ActiveCfg = Debug|Any CPU
		{FA1D0E73-6350-4BDB-8D8C-40CD8228C2D1}.Debug|Any CPU.Build.0 = Debug|Any CPU
		{FA1D0E73-6350-4BDB-8D8C-40CD8228C2D1}.Release|Any CPU.ActiveCfg = Release|Any CPU
		{FA1D0E73-6350-4BDB-8D8C-40CD8228C2D1}.Release|Any CPU.Build.0 = Release|Any CPU
		{08EBB36C-B6C0-42BC-A856-361D9EC0AE9E}.Debug|Any CPU.ActiveCfg = Debug|Any CPU
		{08EBB36C-B6C0-42BC-A856-361D9EC0AE9E}.Debug|Any CPU.Build.0 = Debug|Any CPU
		{08EBB36C-B6C0-42BC-A856-361D9EC0AE9E}.Release|Any CPU.ActiveCfg = Release|Any CPU
		{08EBB36C-B6C0-42BC-A856-361D9EC0AE9E}.Release|Any CPU.Build.0 = Release|Any CPU
		{EF933F75-24C9-43C2-9F1F-774EBB2201D6}.Debug|Any CPU.ActiveCfg = Debug|Any CPU
		{EF933F75-24C9-43C2-9F1F-774EBB2201D6}.Debug|Any CPU.Build.0 = Debug|Any CPU
		{EF933F75-24C9-43C2-9F1F-774EBB2201D6}.Release|Any CPU.ActiveCfg = Release|Any CPU
		{EF933F75-24C9-43C2-9F1F-774EBB2201D6}.Release|Any CPU.Build.0 = Release|Any CPU
		{A60E98F3-136E-4323-A6CF-CEF2B98B03D0}.Debug|Any CPU.ActiveCfg = Debug|Any CPU
		{A60E98F3-136E-4323-A6CF-CEF2B98B03D0}.Debug|Any CPU.Build.0 = Debug|Any CPU
		{A60E98F3-136E-4323-A6CF-CEF2B98B03D0}.Release|Any CPU.ActiveCfg = Release|Any CPU
		{A60E98F3-136E-4323-A6CF-CEF2B98B03D0}.Release|Any CPU.Build.0 = Release|Any CPU
		{CB6DE1B0-3621-4473-8890-693491D5ABAB}.Debug|Any CPU.ActiveCfg = Debug|Any CPU
		{CB6DE1B0-3621-4473-8890-693491D5ABAB}.Debug|Any CPU.Build.0 = Debug|Any CPU
		{CB6DE1B0-3621-4473-8890-693491D5ABAB}.Release|Any CPU.ActiveCfg = Release|Any CPU
		{CB6DE1B0-3621-4473-8890-693491D5ABAB}.Release|Any CPU.Build.0 = Release|Any CPU
	EndGlobalSection
	GlobalSection(SolutionProperties) = preSolution
		HideSolutionNode = FALSE
	EndGlobalSection
	GlobalSection(ExtensibilityGlobals) = postSolution
		SolutionGuid = {1964BDB6-EAFA-44F9-A3A0-B570700AFA8B}
	EndGlobalSection
EndGlobal
